{
  "originHash" : "a0abae496ba1a528620a0be76a3c900d362150c45be77442d21f5d3e63ebc480",
  "pins" : [
    {
      "identity" : "libghostty-spm",
      "kind" : "remoteSourceControl",
      "location" : "https://github.com/brettinternet/libghostty-spm.git",
      "state" : {
        "revision" : "6bd236ef88d2a706bd93c1ff88ed2d3b6365a680"
      }
    },
    {
      "identity" : "msdisplaylink",
      "kind" : "remoteSourceControl",
      "location" : "https://github.com/Lakr233/MSDisplayLink.git",
      "state" : {
        "revision" : "87eb0af130744c8cbe2e31b6e1a5bcd659f1c220",
        "version" : "2.2.0"
      }
    }
  ],
  "version" : 3
}
